// !$*UTF8*$!
{
	archiveVersion = 1;
	classes = {
	};
	objectVersion = 55;
	objects = {

/* Begin PBXBuildFile section */
		3307366027D01FA40010F617 /* Keychain.swift in Sources */ = {isa = PBXBuildFile; fileRef = 3307365F27D01FA40010F617 /* Keychain.swift */; };
		33170BBD27B9D9D100B0C2E4 /* AppDelegate.swift in Sources */ = {isa = PBXBuildFile; fileRef = 33170BBC27B9D9D100B0C2E4 /* AppDelegate.swift */; };
		33170BBF27B9D9D100B0C2E4 /* SceneDelegate.swift in Sources */ = {isa = PBXBuildFile; fileRef = 33170BBE27B9D9D100B0C2E4 /* SceneDelegate.swift */; };
		33170BC127B9D9D100B0C2E4 /* ViewController.swift in Sources */ = {isa = PBXBuildFile; fileRef = 33170BC027B9D9D100B0C2E4 /* ViewController.swift */; };
		33170BC427B9D9D100B0C2E4 /* Main.storyboard in Resources */ = {isa = PBXBuildFile; fileRef = 33170BC227B9D9D100B0C2E4 /* Main.storyboard */; };
		33170BC627B9D9D400B0C2E4 /* Assets.xcassets in Resources */ = {isa = PBXBuildFile; fileRef = 33170BC527B9D9D400B0C2E4 /* Assets.xcassets */; };
		33170BC927B9D9D400B0C2E4 /* LaunchScreen.storyboard in Resources */ = {isa = PBXBuildFile; fileRef = 33170BC727B9D9D400B0C2E4 /* LaunchScreen.storyboard */; };
		331B9A0927F10C3B00E45268 /* DevelopmentTests.swift in Sources */ = {isa = PBXBuildFile; fileRef = 331B9A0827F10C3B00E45268 /* DevelopmentTests.swift */; };
		331C2E0E27E688B7003D5F9C /* Cache.swift in Sources */ = {isa = PBXBuildFile; fileRef = 331C2E0D27E688B7003D5F9C /* Cache.swift */; };
		3373E80A27F8E4BD00313C55 /* Encoding.swift in Sources */ = {isa = PBXBuildFile; fileRef = 3373E80727F8E4BD00313C55 /* Encoding.swift */; };
		3373E80B27F8E4BD00313C55 /* Decoding.swift in Sources */ = {isa = PBXBuildFile; fileRef = 3373E80827F8E4BD00313C55 /* Decoding.swift */; };
		3373E80C27F8E4BD00313C55 /* Decoding+Zips.swift in Sources */ = {isa = PBXBuildFile; fileRef = 3373E80927F8E4BD00313C55 /* Decoding+Zips.swift */; };
		3373E80F27F8ECEC00313C55 /* DecodingTests.swift in Sources */ = {isa = PBXBuildFile; fileRef = 3373E80D27F8ECEC00313C55 /* DecodingTests.swift */; };
		3373E81027F8ECEC00313C55 /* EncodingTests.swift in Sources */ = {isa = PBXBuildFile; fileRef = 3373E80E27F8ECEC00313C55 /* EncodingTests.swift */; };
		3373E81827FB573100313C55 /* Core in Frameworks */ = {isa = PBXBuildFile; productRef = 3373E81727FB573100313C55 /* Core */; };
		3373E81A27FB573100313C55 /* CoreUI in Frameworks */ = {isa = PBXBuildFile; productRef = 3373E81927FB573100313C55 /* CoreUI */; };
		3373E81C27FB573100313C55 /* Log in Frameworks */ = {isa = PBXBuildFile; productRef = 3373E81B27FB573100313C55 /* Log */; };
		3373E81E27FB573100313C55 /* NetworkService in Frameworks */ = {isa = PBXBuildFile; productRef = 3373E81D27FB573100313C55 /* NetworkService */; };
		3388B3D0280CA1E200405CC1 /* Realm in Frameworks */ = {isa = PBXBuildFile; productRef = 3388B3CF280CA1E200405CC1 /* Realm */; };
		3388B3D2280CA1E200405CC1 /* RealmSwift in Frameworks */ = {isa = PBXBuildFile; productRef = 3388B3D1280CA1E200405CC1 /* RealmSwift */; };
		3388B3D4280CA21900405CC1 /* Realm.swift in Sources */ = {isa = PBXBuildFile; fileRef = 3388B3D3280CA21900405CC1 /* Realm.swift */; };
		33C3C83327D5181E00DD2688 /* CDItem+PersistableManagedObject.swift in Sources */ = {isa = PBXBuildFile; fileRef = 33C3C83227D5181E00DD2688 /* CDItem+PersistableManagedObject.swift */; };
		33C3C83627D518A400DD2688 /* CDItem+CoreDataClass.swift in Sources */ = {isa = PBXBuildFile; fileRef = 33C3C83427D518A400DD2688 /* CDItem+CoreDataClass.swift */; };
		33C3C83727D518A400DD2688 /* CDItem+CoreDataProperties.swift in Sources */ = {isa = PBXBuildFile; fileRef = 33C3C83527D518A400DD2688 /* CDItem+CoreDataProperties.swift */; };
		33C3C83D27D5246300DD2688 /* ItemRepository.swift in Sources */ = {isa = PBXBuildFile; fileRef = 33C3C83C27D5246300DD2688 /* ItemRepository.swift */; };
		33C3C83F27D524A000DD2688 /* MainCoreDataModel.swift in Sources */ = {isa = PBXBuildFile; fileRef = 33C3C83E27D524A000DD2688 /* MainCoreDataModel.swift */; };
		33C3C84327D53FDF00DD2688 /* AnyProcessing.swift in Sources */ = {isa = PBXBuildFile; fileRef = 33C3C84227D53FDF00DD2688 /* AnyProcessing.swift */; };
		33C3C84627D544A800DD2688 /* DataModel.xcdatamodeld in Sources */ = {isa = PBXBuildFile; fileRef = 33C3C84427D544A800DD2688 /* DataModel.xcdatamodeld */; };
		33C3C84827D5491300DD2688 /* Item.swift in Sources */ = {isa = PBXBuildFile; fileRef = 33C3C84727D5491300DD2688 /* Item.swift */; };
/* End PBXBuildFile section */

/* Begin PBXContainerItemProxy section */
		331B9A0A27F10C3B00E45268 /* PBXContainerItemProxy */ = {
			isa = PBXContainerItemProxy;
			containerPortal = 33170BB127B9D9D100B0C2E4 /* Project object */;
			proxyType = 1;
			remoteGlobalIDString = 33170BB827B9D9D100B0C2E4;
			remoteInfo = Development;
		};
/* End PBXContainerItemProxy section */

/* Begin PBXFileReference section */
		3307365F27D01FA40010F617 /* Keychain.swift */ = {isa = PBXFileReference; lastKnownFileType = sourcecode.swift; path = Keychain.swift; sourceTree = "<group>"; };
		33170BB927B9D9D100B0C2E4 /* Development.app */ = {isa = PBXFileReference; explicitFileType = wrapper.application; includeInIndex = 0; path = Development.app; sourceTree = BUILT_PRODUCTS_DIR; };
		33170BBC27B9D9D100B0C2E4 /* AppDelegate.swift */ = {isa = PBXFileReference; lastKnownFileType = sourcecode.swift; path = AppDelegate.swift; sourceTree = "<group>"; };
		33170BBE27B9D9D100B0C2E4 /* SceneDelegate.swift */ = {isa = PBXFileReference; lastKnownFileType = sourcecode.swift; path = SceneDelegate.swift; sourceTree = "<group>"; };
		33170BC027B9D9D100B0C2E4 /* ViewController.swift */ = {isa = PBXFileReference; lastKnownFileType = sourcecode.swift; path = ViewController.swift; sourceTree = "<group>"; };
		33170BC327B9D9D100B0C2E4 /* Base */ = {isa = PBXFileReference; lastKnownFileType = file.storyboard; name = Base; path = Base.lproj/Main.storyboard; sourceTree = "<group>"; };
		33170BC527B9D9D400B0C2E4 /* Assets.xcassets */ = {isa = PBXFileReference; lastKnownFileType = folder.assetcatalog; path = Assets.xcassets; sourceTree = "<group>"; };
		33170BC827B9D9D400B0C2E4 /* Base */ = {isa = PBXFileReference; lastKnownFileType = file.storyboard; name = Base; path = Base.lproj/LaunchScreen.storyboard; sourceTree = "<group>"; };
		33170BCA27B9D9D400B0C2E4 /* Info.plist */ = {isa = PBXFileReference; lastKnownFileType = text.plist.xml; path = Info.plist; sourceTree = "<group>"; };
		331B9A0627F10C3B00E45268 /* DevelopmentTests.xctest */ = {isa = PBXFileReference; explicitFileType = wrapper.cfbundle; includeInIndex = 0; path = DevelopmentTests.xctest; sourceTree = BUILT_PRODUCTS_DIR; };
		331B9A0827F10C3B00E45268 /* DevelopmentTests.swift */ = {isa = PBXFileReference; lastKnownFileType = sourcecode.swift; path = DevelopmentTests.swift; sourceTree = "<group>"; };
		331C2E0D27E688B7003D5F9C /* Cache.swift */ = {isa = PBXFileReference; lastKnownFileType = sourcecode.swift; path = Cache.swift; sourceTree = "<group>"; };
		3373E80727F8E4BD00313C55 /* Encoding.swift */ = {isa = PBXFileReference; fileEncoding = 4; lastKnownFileType = sourcecode.swift; path = Encoding.swift; sourceTree = "<group>"; };
		3373E80827F8E4BD00313C55 /* Decoding.swift */ = {isa = PBXFileReference; fileEncoding = 4; lastKnownFileType = sourcecode.swift; path = Decoding.swift; sourceTree = "<group>"; };
		3373E80927F8E4BD00313C55 /* Decoding+Zips.swift */ = {isa = PBXFileReference; fileEncoding = 4; lastKnownFileType = sourcecode.swift; path = "Decoding+Zips.swift"; sourceTree = "<group>"; };
		3373E80D27F8ECEC00313C55 /* DecodingTests.swift */ = {isa = PBXFileReference; fileEncoding = 4; lastKnownFileType = sourcecode.swift; path = DecodingTests.swift; sourceTree = "<group>"; };
		3373E80E27F8ECEC00313C55 /* EncodingTests.swift */ = {isa = PBXFileReference; fileEncoding = 4; lastKnownFileType = sourcecode.swift; path = EncodingTests.swift; sourceTree = "<group>"; };
		3373E81127FA431A00313C55 /* File.swift */ = {isa = PBXFileReference; lastKnownFileType = sourcecode.swift; path = File.swift; sourceTree = "<group>"; };
		3373E81627FB570400313C55 /* Core */ = {isa = PBXFileReference; lastKnownFileType = wrapper; name = Core; path = ..; sourceTree = "<group>"; };
		3388B3D3280CA21900405CC1 /* Realm.swift */ = {isa = PBXFileReference; lastKnownFileType = sourcecode.swift; path = Realm.swift; sourceTree = "<group>"; };
		33C3C83227D5181E00DD2688 /* CDItem+PersistableManagedObject.swift */ = {isa = PBXFileReference; lastKnownFileType = sourcecode.swift; path = "CDItem+PersistableManagedObject.swift"; sourceTree = "<group>"; };
		33C3C83427D518A400DD2688 /* CDItem+CoreDataClass.swift */ = {isa = PBXFileReference; lastKnownFileType = sourcecode.swift; path = "CDItem+CoreDataClass.swift"; sourceTree = "<group>"; };
		33C3C83527D518A400DD2688 /* CDItem+CoreDataProperties.swift */ = {isa = PBXFileReference; lastKnownFileType = sourcecode.swift; path = "CDItem+CoreDataProperties.swift"; sourceTree = "<group>"; };
		33C3C83C27D5246300DD2688 /* ItemRepository.swift */ = {isa = PBXFileReference; lastKnownFileType = sourcecode.swift; path = ItemRepository.swift; sourceTree = "<group>"; };
		33C3C83E27D524A000DD2688 /* MainCoreDataModel.swift */ = {isa = PBXFileReference; lastKnownFileType = sourcecode.swift; path = MainCoreDataModel.swift; sourceTree = "<group>"; };
		33C3C84227D53FDF00DD2688 /* AnyProcessing.swift */ = {isa = PBXFileReference; lastKnownFileType = sourcecode.swift; path = AnyProcessing.swift; sourceTree = "<group>"; };
		33C3C84527D544A800DD2688 /* DataModel.xcdatamodel */ = {isa = PBXFileReference; lastKnownFileType = wrapper.xcdatamodel; path = DataModel.xcdatamodel; sourceTree = "<group>"; };
		33C3C84727D5491300DD2688 /* Item.swift */ = {isa = PBXFileReference; fileEncoding = 4; lastKnownFileType = sourcecode.swift; path = Item.swift; sourceTree = "<group>"; };
/* End PBXFileReference section */

/* Begin PBXFrameworksBuildPhase section */
		33170BB627B9D9D100B0C2E4 /* Frameworks */ = {
			isa = PBXFrameworksBuildPhase;
			buildActionMask = 2147483647;
			files = (
				3373E81C27FB573100313C55 /* Log in Frameworks */,
				3373E81E27FB573100313C55 /* NetworkService in Frameworks */,
				3388B3D2280CA1E200405CC1 /* RealmSwift in Frameworks */,
				3373E81827FB573100313C55 /* Core in Frameworks */,
				3373E81A27FB573100313C55 /* CoreUI in Frameworks */,
				3388B3D0280CA1E200405CC1 /* Realm in Frameworks */,
			);
			runOnlyForDeploymentPostprocessing = 0;
		};
		331B9A0327F10C3B00E45268 /* Frameworks */ = {
			isa = PBXFrameworksBuildPhase;
			buildActionMask = 2147483647;
			files = (
			);
			runOnlyForDeploymentPostprocessing = 0;
		};
/* End PBXFrameworksBuildPhase section */

/* Begin PBXGroup section */
		33170BB027B9D9D100B0C2E4 = {
			isa = PBXGroup;
			children = (
				3373E81527FB570400313C55 /* Packages */,
				33170BBB27B9D9D100B0C2E4 /* Development */,
				331B9A0727F10C3B00E45268 /* DevelopmentTests */,
				33170BBA27B9D9D100B0C2E4 /* Products */,
				33170BD527B9DA4C00B0C2E4 /* Frameworks */,
			);
			sourceTree = "<group>";
		};
		33170BBA27B9D9D100B0C2E4 /* Products */ = {
			isa = PBXGroup;
			children = (
				33170BB927B9D9D100B0C2E4 /* Development.app */,
				331B9A0627F10C3B00E45268 /* DevelopmentTests.xctest */,
			);
			name = Products;
			sourceTree = "<group>";
		};
		33170BBB27B9D9D100B0C2E4 /* Development */ = {
			isa = PBXGroup;
			children = (
				3373E80627F8E4A800313C55 /* Coding */,
				33C3C83C27D5246300DD2688 /* ItemRepository.swift */,
				33C3C84727D5491300DD2688 /* Item.swift */,
				33C3C83427D518A400DD2688 /* CDItem+CoreDataClass.swift */,
				33C3C83527D518A400DD2688 /* CDItem+CoreDataProperties.swift */,
				33C3C83227D5181E00DD2688 /* CDItem+PersistableManagedObject.swift */,
				33170BBC27B9D9D100B0C2E4 /* AppDelegate.swift */,
				33170BBE27B9D9D100B0C2E4 /* SceneDelegate.swift */,
				33170BC027B9D9D100B0C2E4 /* ViewController.swift */,
				33170BC227B9D9D100B0C2E4 /* Main.storyboard */,
				33170BC527B9D9D400B0C2E4 /* Assets.xcassets */,
				33170BC727B9D9D400B0C2E4 /* LaunchScreen.storyboard */,
				33170BCA27B9D9D400B0C2E4 /* Info.plist */,
				3307365F27D01FA40010F617 /* Keychain.swift */,
				33C3C83E27D524A000DD2688 /* MainCoreDataModel.swift */,
				33C3C84227D53FDF00DD2688 /* AnyProcessing.swift */,
				33C3C84427D544A800DD2688 /* DataModel.xcdatamodeld */,
				331C2E0D27E688B7003D5F9C /* Cache.swift */,
				3373E81127FA431A00313C55 /* File.swift */,
				3388B3D3280CA21900405CC1 /* Realm.swift */,
			);
			path = Development;
			sourceTree = "<group>";
		};
		33170BD527B9DA4C00B0C2E4 /* Frameworks */ = {
			isa = PBXGroup;
			children = (
			);
			name = Frameworks;
			sourceTree = "<group>";
		};
		331B9A0727F10C3B00E45268 /* DevelopmentTests */ = {
			isa = PBXGroup;
			children = (
				3373E80D27F8ECEC00313C55 /* DecodingTests.swift */,
				3373E80E27F8ECEC00313C55 /* EncodingTests.swift */,
				331B9A0827F10C3B00E45268 /* DevelopmentTests.swift */,
			);
			path = DevelopmentTests;
			sourceTree = "<group>";
		};
		3373E80627F8E4A800313C55 /* Coding */ = {
			isa = PBXGroup;
			children = (
				3373E80827F8E4BD00313C55 /* Decoding.swift */,
				3373E80927F8E4BD00313C55 /* Decoding+Zips.swift */,
				3373E80727F8E4BD00313C55 /* Encoding.swift */,
			);
			path = Coding;
			sourceTree = "<group>";
		};
		3373E81527FB570400313C55 /* Packages */ = {
			isa = PBXGroup;
			children = (
				3373E81627FB570400313C55 /* Core */,
			);
			name = Packages;
			sourceTree = "<group>";
		};
/* End PBXGroup section */

/* Begin PBXNativeTarget section */
		33170BB827B9D9D100B0C2E4 /* Development */ = {
			isa = PBXNativeTarget;
			buildConfigurationList = 33170BCD27B9D9D400B0C2E4 /* Build configuration list for PBXNativeTarget "Development" */;
			buildPhases = (
				33170BB527B9D9D100B0C2E4 /* Sources */,
				33170BB627B9D9D100B0C2E4 /* Frameworks */,
				33170BB727B9D9D100B0C2E4 /* Resources */,
			);
			buildRules = (
			);
			dependencies = (
			);
			name = Development;
			packageProductDependencies = (
				3373E81727FB573100313C55 /* Core */,
				3373E81927FB573100313C55 /* CoreUI */,
				3373E81B27FB573100313C55 /* Log */,
				3373E81D27FB573100313C55 /* NetworkService */,
				3388B3CF280CA1E200405CC1 /* Realm */,
				3388B3D1280CA1E200405CC1 /* RealmSwift */,
			);
			productName = Development;
			productReference = 33170BB927B9D9D100B0C2E4 /* Development.app */;
			productType = "com.apple.product-type.application";
		};
		331B9A0527F10C3B00E45268 /* DevelopmentTests */ = {
			isa = PBXNativeTarget;
			buildConfigurationList = 331B9A0E27F10C3B00E45268 /* Build configuration list for PBXNativeTarget "DevelopmentTests" */;
			buildPhases = (
				331B9A0227F10C3B00E45268 /* Sources */,
				331B9A0327F10C3B00E45268 /* Frameworks */,
				331B9A0427F10C3B00E45268 /* Resources */,
			);
			buildRules = (
			);
			dependencies = (
				331B9A0B27F10C3B00E45268 /* PBXTargetDependency */,
			);
			name = DevelopmentTests;
			productName = DevelopmentTests;
			productReference = 331B9A0627F10C3B00E45268 /* DevelopmentTests.xctest */;
			productType = "com.apple.product-type.bundle.unit-test";
		};
/* End PBXNativeTarget section */

/* Begin PBXProject section */
		33170BB127B9D9D100B0C2E4 /* Project object */ = {
			isa = PBXProject;
			attributes = {
				BuildIndependentTargetsInParallel = 1;
				LastSwiftUpdateCheck = 1330;
				LastUpgradeCheck = 1320;
				TargetAttributes = {
					33170BB827B9D9D100B0C2E4 = {
						CreatedOnToolsVersion = 13.2.1;
						LastSwiftMigration = 1330;
					};
					331B9A0527F10C3B00E45268 = {
						CreatedOnToolsVersion = 13.3;
						TestTargetID = 33170BB827B9D9D100B0C2E4;
					};
				};
			};
			buildConfigurationList = 33170BB427B9D9D100B0C2E4 /* Build configuration list for PBXProject "Development" */;
			compatibilityVersion = "Xcode 13.0";
			developmentRegion = en;
			hasScannedForEncodings = 0;
			knownRegions = (
				en,
				Base,
			);
			mainGroup = 33170BB027B9D9D100B0C2E4;
			packageReferences = (
				3388B3CE280CA1E200405CC1 /* XCRemoteSwiftPackageReference "realm-swift" */,
			);
			productRefGroup = 33170BBA27B9D9D100B0C2E4 /* Products */;
			projectDirPath = "";
			projectRoot = "";
			targets = (
				33170BB827B9D9D100B0C2E4 /* Development */,
				331B9A0527F10C3B00E45268 /* DevelopmentTests */,
			);
		};
/* End PBXProject section */

/* Begin PBXResourcesBuildPhase section */
		33170BB727B9D9D100B0C2E4 /* Resources */ = {
			isa = PBXResourcesBuildPhase;
			buildActionMask = 2147483647;
			files = (
				33170BC927B9D9D400B0C2E4 /* LaunchScreen.storyboard in Resources */,
				33170BC627B9D9D400B0C2E4 /* Assets.xcassets in Resources */,
				33170BC427B9D9D100B0C2E4 /* Main.storyboard in Resources */,
			);
			runOnlyForDeploymentPostprocessing = 0;
		};
		331B9A0427F10C3B00E45268 /* Resources */ = {
			isa = PBXResourcesBuildPhase;
			buildActionMask = 2147483647;
			files = (
			);
			runOnlyForDeploymentPostprocessing = 0;
		};
/* End PBXResourcesBuildPhase section */

/* Begin PBXSourcesBuildPhase section */
		33170BB527B9D9D100B0C2E4 /* Sources */ = {
			isa = PBXSourcesBuildPhase;
			buildActionMask = 2147483647;
			files = (
				33170BC127B9D9D100B0C2E4 /* ViewController.swift in Sources */,
				33170BBD27B9D9D100B0C2E4 /* AppDelegate.swift in Sources */,
				3373E80A27F8E4BD00313C55 /* Encoding.swift in Sources */,
				33C3C83D27D5246300DD2688 /* ItemRepository.swift in Sources */,
				33170BBF27B9D9D100B0C2E4 /* SceneDelegate.swift in Sources */,
				33C3C84827D5491300DD2688 /* Item.swift in Sources */,
				33C3C83327D5181E00DD2688 /* CDItem+PersistableManagedObject.swift in Sources */,
				331C2E0E27E688B7003D5F9C /* Cache.swift in Sources */,
				3307366027D01FA40010F617 /* Keychain.swift in Sources */,
				33C3C83727D518A400DD2688 /* CDItem+CoreDataProperties.swift in Sources */,
				3373E80B27F8E4BD00313C55 /* Decoding.swift in Sources */,
				33C3C83627D518A400DD2688 /* CDItem+CoreDataClass.swift in Sources */,
				3373E80C27F8E4BD00313C55 /* Decoding+Zips.swift in Sources */,
				33C3C84627D544A800DD2688 /* DataModel.xcdatamodeld in Sources */,
				33C3C83F27D524A000DD2688 /* MainCoreDataModel.swift in Sources */,
				33C3C84327D53FDF00DD2688 /* AnyProcessing.swift in Sources */,
				3388B3D4280CA21900405CC1 /* Realm.swift in Sources */,
			);
			runOnlyForDeploymentPostprocessing = 0;
		};
		331B9A0227F10C3B00E45268 /* Sources */ = {
			isa = PBXSourcesBuildPhase;
			buildActionMask = 2147483647;
			files = (
				3373E80F27F8ECEC00313C55 /* DecodingTests.swift in Sources */,
				3373E81027F8ECEC00313C55 /* EncodingTests.swift in Sources */,
				331B9A0927F10C3B00E45268 /* DevelopmentTests.swift in Sources */,
			);
			runOnlyForDeploymentPostprocessing = 0;
		};
/* End PBXSourcesBuildPhase section */

/* Begin PBXTargetDependency section */
		331B9A0B27F10C3B00E45268 /* PBXTargetDependency */ = {
			isa = PBXTargetDependency;
			target = 33170BB827B9D9D100B0C2E4 /* Development */;
			targetProxy = 331B9A0A27F10C3B00E45268 /* PBXContainerItemProxy */;
		};
/* End PBXTargetDependency section */

/* Begin PBXVariantGroup section */
		33170BC227B9D9D100B0C2E4 /* Main.storyboard */ = {
			isa = PBXVariantGroup;
			children = (
				33170BC327B9D9D100B0C2E4 /* Base */,
			);
			name = Main.storyboard;
			sourceTree = "<group>";
		};
		33170BC727B9D9D400B0C2E4 /* LaunchScreen.storyboard */ = {
			isa = PBXVariantGroup;
			children = (
				33170BC827B9D9D400B0C2E4 /* Base */,
			);
			name = LaunchScreen.storyboard;
			sourceTree = "<group>";
		};
/* End PBXVariantGroup section */

/* Begin XCBuildConfiguration section */
		33170BCB27B9D9D400B0C2E4 /* Debug */ = {
			isa = XCBuildConfiguration;
			buildSettings = {
				ALWAYS_SEARCH_USER_PATHS = NO;
				CLANG_ANALYZER_NONNULL = YES;
				CLANG_ANALYZER_NUMBER_OBJECT_CONVERSION = YES_AGGRESSIVE;
				CLANG_CXX_LANGUAGE_STANDARD = "gnu++17";
				CLANG_CXX_LIBRARY = "libc++";
				CLANG_ENABLE_MODULES = YES;
				CLANG_ENABLE_OBJC_ARC = YES;
				CLANG_ENABLE_OBJC_WEAK = YES;
				CLANG_WARN_BLOCK_CAPTURE_AUTORELEASING = YES;
				CLANG_WARN_BOOL_CONVERSION = YES;
				CLANG_WARN_COMMA = YES;
				CLANG_WARN_CONSTANT_CONVERSION = YES;
				CLANG_WARN_DEPRECATED_OBJC_IMPLEMENTATIONS = YES;
				CLANG_WARN_DIRECT_OBJC_ISA_USAGE = YES_ERROR;
				CLANG_WARN_DOCUMENTATION_COMMENTS = YES;
				CLANG_WARN_EMPTY_BODY = YES;
				CLANG_WARN_ENUM_CONVERSION = YES;
				CLANG_WARN_INFINITE_RECURSION = YES;
				CLANG_WARN_INT_CONVERSION = YES;
				CLANG_WARN_NON_LITERAL_NULL_CONVERSION = YES;
				CLANG_WARN_OBJC_IMPLICIT_RETAIN_SELF = YES;
				CLANG_WARN_OBJC_LITERAL_CONVERSION = YES;
				CLANG_WARN_OBJC_ROOT_CLASS = YES_ERROR;
				CLANG_WARN_QUOTED_INCLUDE_IN_FRAMEWORK_HEADER = YES;
				CLANG_WARN_RANGE_LOOP_ANALYSIS = YES;
				CLANG_WARN_STRICT_PROTOTYPES = YES;
				CLANG_WARN_SUSPICIOUS_MOVE = YES;
				CLANG_WARN_UNGUARDED_AVAILABILITY = YES_AGGRESSIVE;
				CLANG_WARN_UNREACHABLE_CODE = YES;
				CLANG_WARN__DUPLICATE_METHOD_MATCH = YES;
				COPY_PHASE_STRIP = NO;
				DEBUG_INFORMATION_FORMAT = dwarf;
				ENABLE_STRICT_OBJC_MSGSEND = YES;
				ENABLE_TESTABILITY = YES;
				GCC_C_LANGUAGE_STANDARD = gnu11;
				GCC_DYNAMIC_NO_PIC = NO;
				GCC_NO_COMMON_BLOCKS = YES;
				GCC_OPTIMIZATION_LEVEL = 0;
				GCC_PREPROCESSOR_DEFINITIONS = (
					"DEBUG=1",
					"$(inherited)",
				);
				GCC_WARN_64_TO_32_BIT_CONVERSION = YES;
				GCC_WARN_ABOUT_RETURN_TYPE = YES_ERROR;
				GCC_WARN_UNDECLARED_SELECTOR = YES;
				GCC_WARN_UNINITIALIZED_AUTOS = YES_AGGRESSIVE;
				GCC_WARN_UNUSED_FUNCTION = YES;
				GCC_WARN_UNUSED_VARIABLE = YES;
				IPHONEOS_DEPLOYMENT_TARGET = 12.0;
				MTL_ENABLE_DEBUG_INFO = INCLUDE_SOURCE;
				MTL_FAST_MATH = YES;
				ONLY_ACTIVE_ARCH = YES;
				SDKROOT = iphoneos;
				SWIFT_ACTIVE_COMPILATION_CONDITIONS = DEBUG;
				SWIFT_OPTIMIZATION_LEVEL = "-Onone";
			};
			name = Debug;
		};
		33170BCC27B9D9D400B0C2E4 /* Release */ = {
			isa = XCBuildConfiguration;
			buildSettings = {
				ALWAYS_SEARCH_USER_PATHS = NO;
				CLANG_ANALYZER_NONNULL = YES;
				CLANG_ANALYZER_NUMBER_OBJECT_CONVERSION = YES_AGGRESSIVE;
				CLANG_CXX_LANGUAGE_STANDARD = "gnu++17";
				CLANG_CXX_LIBRARY = "libc++";
				CLANG_ENABLE_MODULES = YES;
				CLANG_ENABLE_OBJC_ARC = YES;
				CLANG_ENABLE_OBJC_WEAK = YES;
				CLANG_WARN_BLOCK_CAPTURE_AUTORELEASING = YES;
				CLANG_WARN_BOOL_CONVERSION = YES;
				CLANG_WARN_COMMA = YES;
				CLANG_WARN_CONSTANT_CONVERSION = YES;
				CLANG_WARN_DEPRECATED_OBJC_IMPLEMENTATIONS = YES;
				CLANG_WARN_DIRECT_OBJC_ISA_USAGE = YES_ERROR;
				CLANG_WARN_DOCUMENTATION_COMMENTS = YES;
				CLANG_WARN_EMPTY_BODY = YES;
				CLANG_WARN_ENUM_CONVERSION = YES;
				CLANG_WARN_INFINITE_RECURSION = YES;
				CLANG_WARN_INT_CONVERSION = YES;
				CLANG_WARN_NON_LITERAL_NULL_CONVERSION = YES;
				CLANG_WARN_OBJC_IMPLICIT_RETAIN_SELF = YES;
				CLANG_WARN_OBJC_LITERAL_CONVERSION = YES;
				CLANG_WARN_OBJC_ROOT_CLASS = YES_ERROR;
				CLANG_WARN_QUOTED_INCLUDE_IN_FRAMEWORK_HEADER = YES;
				CLANG_WARN_RANGE_LOOP_ANALYSIS = YES;
				CLANG_WARN_STRICT_PROTOTYPES = YES;
				CLANG_WARN_SUSPICIOUS_MOVE = YES;
				CLANG_WARN_UNGUARDED_AVAILABILITY = YES_AGGRESSIVE;
				CLANG_WARN_UNREACHABLE_CODE = YES;
				CLANG_WARN__DUPLICATE_METHOD_MATCH = YES;
				COPY_PHASE_STRIP = NO;
				DEBUG_INFORMATION_FORMAT = "dwarf-with-dsym";
				ENABLE_NS_ASSERTIONS = NO;
				ENABLE_STRICT_OBJC_MSGSEND = YES;
				GCC_C_LANGUAGE_STANDARD = gnu11;
				GCC_NO_COMMON_BLOCKS = YES;
				GCC_WARN_64_TO_32_BIT_CONVERSION = YES;
				GCC_WARN_ABOUT_RETURN_TYPE = YES_ERROR;
				GCC_WARN_UNDECLARED_SELECTOR = YES;
				GCC_WARN_UNINITIALIZED_AUTOS = YES_AGGRESSIVE;
				GCC_WARN_UNUSED_FUNCTION = YES;
				GCC_WARN_UNUSED_VARIABLE = YES;
				IPHONEOS_DEPLOYMENT_TARGET = 12.0;
				MTL_ENABLE_DEBUG_INFO = NO;
				MTL_FAST_MATH = YES;
				SDKROOT = iphoneos;
				SWIFT_COMPILATION_MODE = wholemodule;
				SWIFT_OPTIMIZATION_LEVEL = "-O";
				VALIDATE_PRODUCT = YES;
			};
			name = Release;
		};
		33170BCE27B9D9D400B0C2E4 /* Debug */ = {
			isa = XCBuildConfiguration;
			buildSettings = {
				ASSETCATALOG_COMPILER_APPICON_NAME = AppIcon;
				ASSETCATALOG_COMPILER_GLOBAL_ACCENT_COLOR_NAME = AccentColor;
				CLANG_ENABLE_MODULES = YES;
				CODE_SIGN_STYLE = Automatic;
				CURRENT_PROJECT_VERSION = 1;
				DEVELOPMENT_TEAM = FMN8672ZY8;
				GENERATE_INFOPLIST_FILE = YES;
				INFOPLIST_FILE = Development/Info.plist;
				INFOPLIST_KEY_UIApplicationSupportsIndirectInputEvents = YES;
				INFOPLIST_KEY_UILaunchStoryboardName = LaunchScreen;
				INFOPLIST_KEY_UIMainStoryboardFile = Main;
				INFOPLIST_KEY_UISupportedInterfaceOrientations_iPad = "UIInterfaceOrientationPortrait UIInterfaceOrientationPortraitUpsideDown UIInterfaceOrientationLandscapeLeft UIInterfaceOrientationLandscapeRight";
				INFOPLIST_KEY_UISupportedInterfaceOrientations_iPhone = "UIInterfaceOrientationPortrait UIInterfaceOrientationLandscapeLeft UIInterfaceOrientationLandscapeRight";
				IPHONEOS_DEPLOYMENT_TARGET = 13.0;
				LD_RUNPATH_SEARCH_PATHS = (
					"$(inherited)",
					"@executable_path/Frameworks",
				);
				MARKETING_VERSION = 1.0;
				PRODUCT_BUNDLE_IDENTIFIER = com.joshuatw.CoreDevelopment;
				PRODUCT_NAME = "$(TARGET_NAME)";
				SWIFT_EMIT_LOC_STRINGS = YES;
				SWIFT_OBJC_BRIDGING_HEADER = "";
				SWIFT_OPTIMIZATION_LEVEL = "-Onone";
				SWIFT_VERSION = 5.0;
				TARGETED_DEVICE_FAMILY = "1,2";
			};
			name = Debug;
		};
		33170BCF27B9D9D400B0C2E4 /* Release */ = {
			isa = XCBuildConfiguration;
			buildSettings = {
				ASSETCATALOG_COMPILER_APPICON_NAME = AppIcon;
				ASSETCATALOG_COMPILER_GLOBAL_ACCENT_COLOR_NAME = AccentColor;
				CLANG_ENABLE_MODULES = YES;
				CODE_SIGN_STYLE = Automatic;
				CURRENT_PROJECT_VERSION = 1;
				DEVELOPMENT_TEAM = FMN8672ZY8;
				GENERATE_INFOPLIST_FILE = YES;
				INFOPLIST_FILE = Development/Info.plist;
				INFOPLIST_KEY_UIApplicationSupportsIndirectInputEvents = YES;
				INFOPLIST_KEY_UILaunchStoryboardName = LaunchScreen;
				INFOPLIST_KEY_UIMainStoryboardFile = Main;
				INFOPLIST_KEY_UISupportedInterfaceOrientations_iPad = "UIInterfaceOrientationPortrait UIInterfaceOrientationPortraitUpsideDown UIInterfaceOrientationLandscapeLeft UIInterfaceOrientationLandscapeRight";
				INFOPLIST_KEY_UISupportedInterfaceOrientations_iPhone = "UIInterfaceOrientationPortrait UIInterfaceOrientationLandscapeLeft UIInterfaceOrientationLandscapeRight";
				IPHONEOS_DEPLOYMENT_TARGET = 13.0;
				LD_RUNPATH_SEARCH_PATHS = (
					"$(inherited)",
					"@executable_path/Frameworks",
				);
				MARKETING_VERSION = 1.0;
				PRODUCT_BUNDLE_IDENTIFIER = com.joshuatw.CoreDevelopment;
				PRODUCT_NAME = "$(TARGET_NAME)";
				SWIFT_EMIT_LOC_STRINGS = YES;
				SWIFT_OBJC_BRIDGING_HEADER = "";
				SWIFT_VERSION = 5.0;
				TARGETED_DEVICE_FAMILY = "1,2";
			};
			name = Release;
		};
		331B9A0C27F10C3B00E45268 /* Debug */ = {
			isa = XCBuildConfiguration;
			buildSettings = {
				BUNDLE_LOADER = "$(TEST_HOST)";
				CODE_SIGN_STYLE = Automatic;
				CURRENT_PROJECT_VERSION = 1;
				DEVELOPMENT_TEAM = FMN8672ZY8;
				GENERATE_INFOPLIST_FILE = YES;
				IPHONEOS_DEPLOYMENT_TARGET = 15.4;
				MARKETING_VERSION = 1.0;
				PRODUCT_BUNDLE_IDENTIFIER = com.joshuatw.DevelopmentTests;
				PRODUCT_NAME = "$(TARGET_NAME)";
				SWIFT_EMIT_LOC_STRINGS = NO;
				SWIFT_VERSION = 5.0;
				TARGETED_DEVICE_FAMILY = "1,2";
				TEST_HOST = "$(BUILT_PRODUCTS_DIR)/Development.app/Development";
			};
			name = Debug;
		};
		331B9A0D27F10C3B00E45268 /* Release */ = {
			isa = XCBuildConfiguration;
			buildSettings = {
				BUNDLE_LOADER = "$(TEST_HOST)";
				CODE_SIGN_STYLE = Automatic;
				CURRENT_PROJECT_VERSION = 1;
				DEVELOPMENT_TEAM = FMN8672ZY8;
				GENERATE_INFOPLIST_FILE = YES;
				IPHONEOS_DEPLOYMENT_TARGET = 15.4;
				MARKETING_VERSION = 1.0;
				PRODUCT_BUNDLE_IDENTIFIER = com.joshuatw.DevelopmentTests;
				PRODUCT_NAME = "$(TARGET_NAME)";
				SWIFT_EMIT_LOC_STRINGS = NO;
				SWIFT_VERSION = 5.0;
				TARGETED_DEVICE_FAMILY = "1,2";
				TEST_HOST = "$(BUILT_PRODUCTS_DIR)/Development.app/Development";
			};
			name = Release;
		};
/* End XCBuildConfiguration section */

/* Begin XCConfigurationList section */
		33170BB427B9D9D100B0C2E4 /* Build configuration list for PBXProject "Development" */ = {
			isa = XCConfigurationList;
			buildConfigurations = (
				33170BCB27B9D9D400B0C2E4 /* Debug */,
				33170BCC27B9D9D400B0C2E4 /* Release */,
			);
			defaultConfigurationIsVisible = 0;
			defaultConfigurationName = Release;
		};
		33170BCD27B9D9D400B0C2E4 /* Build configuration list for PBXNativeTarget "Development" */ = {
			isa = XCConfigurationList;
			buildConfigurations = (
				33170BCE27B9D9D400B0C2E4 /* Debug */,
				33170BCF27B9D9D400B0C2E4 /* Release */,
			);
			defaultConfigurationIsVisible = 0;
			defaultConfigurationName = Release;
		};
		331B9A0E27F10C3B00E45268 /* Build configuration list for PBXNativeTarget "DevelopmentTests" */ = {
			isa = XCConfigurationList;
			buildConfigurations = (
				331B9A0C27F10C3B00E45268 /* Debug */,
				331B9A0D27F10C3B00E45268 /* Release */,
			);
			defaultConfigurationIsVisible = 0;
			defaultConfigurationName = Release;
		};
/* End XCConfigurationList section */

/* Begin XCRemoteSwiftPackageReference section */
		3388B3CE280CA1E200405CC1 /* XCRemoteSwiftPackageReference "realm-swift" */ = {
			isa = XCRemoteSwiftPackageReference;
			repositoryURL = "https://github.com/realm/realm-swift";
			requirement = {
				branch = master;
				kind = branch;
			};
		};
/* End XCRemoteSwiftPackageReference section */

/* Begin XCSwiftPackageProductDependency section */
		3373E81727FB573100313C55 /* Core */ = {
			isa = XCSwiftPackageProductDependency;
			productName = Core;
		};
		3373E81927FB573100313C55 /* CoreUI */ = {
			isa = XCSwiftPackageProductDependency;
			productName = CoreUI;
		};
		3373E81B27FB573100313C55 /* Log */ = {
			isa = XCSwiftPackageProductDependency;
			productName = Log;
		};
		3373E81D27FB573100313C55 /* NetworkService */ = {
			isa = XCSwiftPackageProductDependency;
			productName = NetworkService;
		};
		3388B3CF280CA1E200405CC1 /* Realm */ = {
			isa = XCSwiftPackageProductDependency;
			package = 3388B3CE280CA1E200405CC1 /* XCRemoteSwiftPackageReference "realm-swift" */;
			productName = Realm;
		};
		3388B3D1280CA1E200405CC1 /* RealmSwift */ = {
			isa = XCSwiftPackageProductDependency;
			package = 3388B3CE280CA1E200405CC1 /* XCRemoteSwiftPackageReference "realm-swift" */;
			productName = RealmSwift;
		};
/* End XCSwiftPackageProductDependency section */

/* Begin XCVersionGroup section */
		33C3C84427D544A800DD2688 /* DataModel.xcdatamodeld */ = {
			isa = XCVersionGroup;
			children = (
				33C3C84527D544A800DD2688 /* DataModel.xcdatamodel */,
			);
			currentVersion = 33C3C84527D544A800DD2688 /* DataModel.xcdatamodel */;
			path = DataModel.xcdatamodeld;
			sourceTree = "<group>";
			versionGroupType = wrapper.xcdatamodel;
		};
/* End XCVersionGroup section */
	};
	rootObject = 33170BB127B9D9D100B0C2E4 /* Project object */;
}
